
Microsoft Visual Studio Solution File, Format Version 12.00
# Visual Studio Version 16
VisualStudioVersion = 16.0.810.15
MinimumVisualStudioVersion = 10.0.40219.1
Project("{FAE04EC0-301F-11D3-BF4B-00C04F79EFBC}") = "TabbedPageIos.Android", "TabbedPageIos.Android\TabbedPageIos.Android.csproj", "{444875B8-165A-4DDC-A8F1-D5B9B756E2A7}"
EndProject
Project("{FAE04EC0-301F-11D3-BF4B-00C04F79EFBC}") = "TabbedPageIos.iOS", "TabbedPageIos.iOS\TabbedPageIos.iOS.csproj", "{175C69B7-5866-43D3-A481-8BF7A9046340}"
EndProject
Project("{FAE04EC0-301F-11D3-BF4B-00C04F79EFBC}") = "TabbedPageIos", "TabbedPageIos\TabbedPageIos.csproj", "{FF9FF167-A0BD-4902-81C4-D5C17B1625FD}"
EndProject
Global
	GlobalSection(SolutionConfigurationPlatforms) = preSolution
		Debug|Any CPU = Debug|Any CPU
		Release|Any CPU = Release|Any CPU
		Debug|iPhoneSimulator = Debug|iPhoneSimulator
		Release|iPhoneSimulator = Release|iPhoneSimulator
		Debug|iPhone = Debug|iPhone
		Release|iPhone = Release|iPhone
	EndGlobalSection
	GlobalSection(ProjectConfigurationPlatforms) = postSolution
		{444875B8-165A-4DDC-A8F1-D5B9B756E2A7}.Debug|Any CPU.ActiveCfg = Debug|Any CPU
		{444875B8-165A-4DDC-A8F1-D5B9B756E2A7}.Debug|Any CPU.Build.0 = Debug|Any CPU
		{444875B8-165A-4DDC-A8F1-D5B9B756E2A7}.Release|Any CPU.ActiveCfg = Release|Any CPU
		{444875B8-165A-4DDC-A8F1-D5B9B756E2A7}.Release|Any CPU.Build.0 = Release|Any CPU
		{444875B8-165A-4DDC-A8F1-D5B9B756E2A7}.Debug|iPhoneSimulator.ActiveCfg = Debug|Any CPU
		{444875B8-165A-4DDC-A8F1-D5B9B756E2A7}.Debug|iPhoneSimulator.Build.0 = Debug|Any CPU
		{444875B8-165A-4DDC-A8F1-D5B9B756E2A7}.Release|iPhoneSimulator.ActiveCfg = Release|Any CPU
		{444875B8-165A-4DDC-A8F1-D5B9B756E2A7}.Release|iPhoneSimulator.Build.0 = Release|Any CPU
		{444875B8-165A-4DDC-A8F1-D5B9B756E2A7}.Debug|iPhone.ActiveCfg = Debug|Any CPU
		{444875B8-165A-4DDC-A8F1-D5B9B756E2A7}.Debug|iPhone.Build.0 = Debug|Any CPU
		{444875B8-165A-4DDC-A8F1-D5B9B756E2A7}.Release|iPhone.ActiveCfg = Release|Any CPU
		{444875B8-165A-4DDC-A8F1-D5B9B756E2A7}.Release|iPhone.Build.0 = Release|Any CPU
		{175C69B7-5866-43D3-A481-8BF7A9046340}.Debug|Any CPU.ActiveCfg = Debug|iPhoneSimulator
		{175C69B7-5866-43D3-A481-8BF7A9046340}.Debug|Any CPU.Build.0 = Debug|iPhoneSimulator
		{175C69B7-5866-43D3-A481-8BF7A9046340}.Release|Any CPU.ActiveCfg = Release|iPhoneSimulator
		{175C69B7-5866-43D3-A481-8BF7A9046340}.Release|Any CPU.Build.0 = Release|iPhoneSimulator
		{175C69B7-5866-43D3-A481-8BF7A9046340}.Debug|iPhoneSimulator.ActiveCfg = Debug|iPhoneSimulator
		{175C69B7-5866-43D3-A481-8BF7A9046340}.Debug|iPhoneSimulator.Build.0 = Debug|iPhoneSimulator
		{175C69B7-5866-43D3-A481-8BF7A9046340}.Release|iPhoneSimulator.ActiveCfg = Release|iPhoneSimulator
		{175C69B7-5866-43D3-A481-8BF7A9046340}.Release|iPhoneSimulator.Build.0 = Release|iPhoneSimulator
		{175C69B7-5866-43D3-A481-8BF7A9046340}.Debug|iPhone.ActiveCfg = Debug|iPhone
		{175C69B7-5866-43D3-A481-8BF7A9046340}.Debug|iPhone.Build.0 = Debug|iPhone
		{175C69B7-5866-43D3-A481-8BF7A9046340}.Release|iPhone.ActiveCfg = Release|iPhone
		{175C69B7-5866-43D3-A481-8BF7A9046340}.Release|iPhone.Build.0 = Release|iPhone
		{FF9FF167-A0BD-4902-81C4-D5C17B1625FD}.Debug|Any CPU.ActiveCfg = Debug|Any CPU
		{FF9FF167-A0BD-4902-81C4-D5C17B1625FD}.Debug|Any CPU.Build.0 = Debug|Any CPU
		{FF9FF167-A0BD-4902-81C4-D5C17B1625FD}.Release|Any CPU.ActiveCfg = Release|Any CPU
		{FF9FF167-A0BD-4902-81C4-D5C17B1625FD}.Release|Any CPU.Build.0 = Release|Any CPU
		{FF9FF167-A0BD-4902-81C4-D5C17B1625FD}.Debug|iPhoneSimulator.ActiveCfg = Debug|Any CPU
		{FF9FF167-A0BD-4902-81C4-D5C17B1625FD}.Debug|iPhoneSimulator.Build.0 = Debug|Any CPU
		{FF9FF167-A0BD-4902-81C4-D5C17B1625FD}.Release|iPhoneSimulator.ActiveCfg = Release|Any CPU
		{FF9FF167-A0BD-4902-81C4-D5C17B1625FD}.Release|iPhoneSimulator.Build.0 = Release|Any CPU
		{FF9FF167-A0BD-4902-81C4-D5C17B1625FD}.Debug|iPhone.ActiveCfg = Debug|Any CPU
		{FF9FF167-A0BD-4902-81C4-D5C17B1625FD}.Debug|iPhone.Build.0 = Debug|Any CPU
		{FF9FF167-A0BD-4902-81C4-D5C17B1625FD}.Release|iPhone.ActiveCfg = Release|Any CPU
		{FF9FF167-A0BD-4902-81C4-D5C17B1625FD}.Release|iPhone.Build.0 = Release|Any CPU
	EndGlobalSection
	GlobalSection(SolutionProperties) = preSolution
		HideSolutionNode = FALSE
	EndGlobalSection
	GlobalSection(ExtensibilityGlobals) = postSolution
		SolutionGuid = {69BB6DB5-9E00-447D-862F-B550A78AFC2E}
	EndGlobalSection
EndGlobal
